// !$*UTF8*$!
{
	archiveVersion = 1;
	classes = {
	};
	objectVersion = 46;
	objects = {

/* Begin PBXBuildFile section */
		1B4193981BD621DD00E368F9 /* AppDelegate.swift in Sources */ = {isa = PBXBuildFile; fileRef = 1B4193971BD621DD00E368F9 /* AppDelegate.swift */; };
		1B41939A1BD621DD00E368F9 /* ViewController.swift in Sources */ = {isa = PBXBuildFile; fileRef = 1B4193991BD621DD00E368F9 /* ViewController.swift */; };
		1B41939D1BD621DD00E368F9 /* Main.storyboard in Resources */ = {isa = PBXBuildFile; fileRef = 1B41939B1BD621DD00E368F9 /* Main.storyboard */; };
		1B41939F1BD621DD00E368F9 /* Images.xcassets in Resources */ = {isa = PBXBuildFile; fileRef = 1B41939E1BD621DD00E368F9 /* Images.xcassets */; };
		1B4193A21BD621DD00E368F9 /* LaunchScreen.xib in Resources */ = {isa = PBXBuildFile; fileRef = 1B4193A01BD621DD00E368F9 /* LaunchScreen.xib */; };
		1B4193AE1BD621DD00E368F9 /* travellerTests.swift in Sources */ = {isa = PBXBuildFile; fileRef = 1B4193AD1BD621DD00E368F9 /* travellerTests.swift */; };
		1B4193B81BD6246D00E368F9 /* WelcomeViewController.swift in Sources */ = {isa = PBXBuildFile; fileRef = 1B4193B71BD6246D00E368F9 /* WelcomeViewController.swift */; };
		1BE98AD41BD684C400C7581F /* LoginViewController.swift in Sources */ = {isa = PBXBuildFile; fileRef = 1BE98AD31BD684C400C7581F /* LoginViewController.swift */; };
/* End PBXBuildFile section */

/* Begin PBXContainerItemProxy section */
		1B4193A81BD621DD00E368F9 /* PBXContainerItemProxy */ = {
			isa = PBXContainerItemProxy;
			containerPortal = 1B41938A1BD621DC00E368F9 /* Project object */;
			proxyType = 1;
			remoteGlobalIDString = 1B4193911BD621DD00E368F9;
			remoteInfo = traveller;
		};
/* End PBXContainerItemProxy section */

/* Begin PBXFileReference section */
		1B4193921BD621DD00E368F9 /* traveller.app */ = {isa = PBXFileReference; explicitFileType = wrapper.application; includeInIndex = 0; path = traveller.app; sourceTree = BUILT_PRODUCTS_DIR; };
		1B4193961BD621DD00E368F9 /* Info.plist */ = {isa = PBXFileReference; lastKnownFileType = text.plist.xml; path = Info.plist; sourceTree = "<group>"; };
		1B4193971BD621DD00E368F9 /* AppDelegate.swift */ = {isa = PBXFileReference; lastKnownFileType = sourcecode.swift; path = AppDelegate.swift; sourceTree = "<group>"; };
		1B4193991BD621DD00E368F9 /* ViewController.swift */ = {isa = PBXFileReference; lastKnownFileType = sourcecode.swift; path = ViewController.swift; sourceTree = "<group>"; };
		1B41939C1BD621DD00E368F9 /* Base */ = {isa = PBXFileReference; lastKnownFileType = file.storyboard; name = Base; path = Base.lproj/Main.storyboard; sourceTree = "<group>"; };
		1B41939E1BD621DD00E368F9 /* Images.xcassets */ = {isa = PBXFileReference; lastKnownFileType = folder.assetcatalog; path = Images.xcassets; sourceTree = "<group>"; };
		1B4193A11BD621DD00E368F9 /* Base */ = {isa = PBXFileReference; lastKnownFileType = file.xib; name = Base; path = Base.lproj/LaunchScreen.xib; sourceTree = "<group>"; };
		1B4193A71BD621DD00E368F9 /* travellerTests.xctest */ = {isa = PBXFileReference; explicitFileType = wrapper.cfbundle; includeInIndex = 0; path = travellerTests.xctest; sourceTree = BUILT_PRODUCTS_DIR; };
		1B4193AC1BD621DD00E368F9 /* Info.plist */ = {isa = PBXFileReference; lastKnownFileType = text.plist.xml; path = Info.plist; sourceTree = "<group>"; };
		1B4193AD1BD621DD00E368F9 /* travellerTests.swift */ = {isa = PBXFileReference; lastKnownFileType = sourcecode.swift; path = travellerTests.swift; sourceTree = "<group>"; };
		1B4193B71BD6246D00E368F9 /* WelcomeViewController.swift */ = {isa = PBXFileReference; fileEncoding = 4; lastKnownFileType = sourcecode.swift; path = WelcomeViewController.swift; sourceTree = "<group>"; };
		1BE98AD31BD684C400C7581F /* LoginViewController.swift */ = {isa = PBXFileReference; fileEncoding = 4; lastKnownFileType = sourcecode.swift; path = LoginViewController.swift; sourceTree = "<group>"; };
/* End PBXFileReference section */

/* Begin PBXFrameworksBuildPhase section */
		1B41938F1BD621DD00E368F9 /* Frameworks */ = {
			isa = PBXFrameworksBuildPhase;
			buildActionMask = 2147483647;
			files = (
			);
			runOnlyForDeploymentPostprocessing = 0;
		};
		1B4193A41BD621DD00E368F9 /* Frameworks */ = {
			isa = PBXFrameworksBuildPhase;
			buildActionMask = 2147483647;
			files = (
			);
			runOnlyForDeploymentPostprocessing = 0;
		};
/* End PBXFrameworksBuildPhase section */

/* Begin PBXGroup section */
		1B4193891BD621DC00E368F9 = {
			isa = PBXGroup;
			children = (
				1B4193941BD621DD00E368F9 /* traveller */,
				1B4193AA1BD621DD00E368F9 /* travellerTests */,
				1B4193931BD621DD00E368F9 /* Products */,
			);
			sourceTree = "<group>";
		};
		1B4193931BD621DD00E368F9 /* Products */ = {
			isa = PBXGroup;
			children = (
				1B4193921BD621DD00E368F9 /* traveller.app */,
				1B4193A71BD621DD00E368F9 /* travellerTests.xctest */,
			);
			name = Products;
			sourceTree = "<group>";
		};
		1B4193941BD621DD00E368F9 /* traveller */ = {
			isa = PBXGroup;
			children = (
				1B4193971BD621DD00E368F9 /* AppDelegate.swift */,
				1B4193991BD621DD00E368F9 /* ViewController.swift */,
				1BE98AD31BD684C400C7581F /* LoginViewController.swift */,
				1B4193B71BD6246D00E368F9 /* WelcomeViewController.swift */,
				1B41939B1BD621DD00E368F9 /* Main.storyboard */,
				1B41939E1BD621DD00E368F9 /* Images.xcassets */,
				1B4193A01BD621DD00E368F9 /* LaunchScreen.xib */,
				1B4193951BD621DD00E368F9 /* Supporting Files */,
			);
			path = traveller;
			sourceTree = "<group>";
		};
		1B4193951BD621DD00E368F9 /* Supporting Files */ = {
			isa = PBXGroup;
			children = (
				1B4193961BD621DD00E368F9 /* Info.plist */,
			);
			name = "Supporting Files";
			sourceTree = "<group>";
		};
		1B4193AA1BD621DD00E368F9 /* travellerTests */ = {
			isa = PBXGroup;
			children = (
				1B4193AD1BD621DD00E368F9 /* travellerTests.swift */,
				1B4193AB1BD621DD00E368F9 /* Supporting Files */,
			);
			path = travellerTests;
			sourceTree = "<group>";
		};
		1B4193AB1BD621DD00E368F9 /* Supporting Files */ = {
			isa = PBXGroup;
			children = (
				1B4193AC1BD621DD00E368F9 /* Info.plist */,
			);
			name = "Supporting Files";
			sourceTree = "<group>";
		};
/* End PBXGroup section */

/* Begin PBXNativeTarget section */
		1B4193911BD621DD00E368F9 /* traveller */ = {
			isa = PBXNativeTarget;
			buildConfigurationList = 1B4193B11BD621DD00E368F9 /* Build configuration list for PBXNativeTarget "traveller" */;
			buildPhases = (
				1B41938E1BD621DD00E368F9 /* Sources */,
				1B41938F1BD621DD00E368F9 /* Frameworks */,
				1B4193901BD621DD00E368F9 /* Resources */,
			);
			buildRules = (
			);
			dependencies = (
			);
			name = traveller;
			productName = traveller;
			productReference = 1B4193921BD621DD00E368F9 /* traveller.app */;
			productType = "com.apple.product-type.application";
		};
		1B4193A61BD621DD00E368F9 /* travellerTests */ = {
			isa = PBXNativeTarget;
			buildConfigurationList = 1B4193B41BD621DD00E368F9 /* Build configuration list for PBXNativeTarget "travellerTests" */;
			buildPhases = (
				1B4193A31BD621DD00E368F9 /* Sources */,
				1B4193A41BD621DD00E368F9 /* Frameworks */,
				1B4193A51BD621DD00E368F9 /* Resources */,
			);
			buildRules = (
			);
			dependencies = (
				1B4193A91BD621DD00E368F9 /* PBXTargetDependency */,
			);
			name = travellerTests;
			productName = travellerTests;
			productReference = 1B4193A71BD621DD00E368F9 /* travellerTests.xctest */;
			productType = "com.apple.product-type.bundle.unit-test";
		};
/* End PBXNativeTarget section */

/* Begin PBXProject section */
		1B41938A1BD621DC00E368F9 /* Project object */ = {
			isa = PBXProject;
			attributes = {
				LastUpgradeCheck = 0640;
				ORGANIZATIONNAME = xiaocui;
				TargetAttributes = {
					1B4193911BD621DD00E368F9 = {
						CreatedOnToolsVersion = 6.4;
					};
					1B4193A61BD621DD00E368F9 = {
						CreatedOnToolsVersion = 6.4;
						TestTargetID = 1B4193911BD621DD00E368F9;
					};
				};
			};
			buildConfigurationList = 1B41938D1BD621DD00E368F9 /* Build configuration list for PBXProject "traveller" */;
			compatibilityVersion = "Xcode 3.2";
			developmentRegion = English;
			hasScannedForEncodings = 0;
			knownRegions = (
				en,
				Base,
			);
			mainGroup = 1B4193891BD621DC00E368F9;
			productRefGroup = 1B4193931BD621DD00E368F9 /* Products */;
			projectDirPath = "";
			projectRoot = "";
			targets = (
				1B4193911BD621DD00E368F9 /* traveller */,
				1B4193A61BD621DD00E368F9 /* travellerTests */,
			);
		};
/* End PBXProject section */

/* Begin PBXResourcesBuildPhase section */
		1B4193901BD621DD00E368F9 /* Resources */ = {
			isa = PBXResourcesBuildPhase;
			buildActionMask = 2147483647;
			files = (
				1B41939D1BD621DD00E368F9 /* Main.storyboard in Resources */,
				1B4193A21BD621DD00E368F9 /* LaunchScreen.xib in Resources */,
				1B41939F1BD621DD00E368F9 /* Images.xcassets in Resources */,
			);
			runOnlyForDeploymentPostprocessing = 0;
		};
		1B4193A51BD621DD00E368F9 /* Resources */ = {
			isa = PBXResourcesBuildPhase;
			buildActionMask = 2147483647;
			files = (
			);
			runOnlyForDeploymentPostprocessing = 0;
		};
/* End PBXResourcesBuildPhase section */

/* Begin PBXSourcesBuildPhase section */
		1B41938E1BD621DD00E368F9 /* Sources */ = {
			isa = PBXSourcesBuildPhase;
			buildActionMask = 2147483647;
			files = (
				1BE98AD41BD684C400C7581F /* LoginViewController.swift in Sources */,
				1B4193B81BD6246D00E368F9 /* WelcomeViewController.swift in Sources */,
				1B41939A1BD621DD00E368F9 /* ViewController.swift in Sources */,
				1B4193981BD621DD00E368F9 /* AppDelegate.swift in Sources */,
			);
			runOnlyForDeploymentPostprocessing = 0;
		};
		1B4193A31BD621DD00E368F9 /* Sources */ = {
			isa = PBXSourcesBuildPhase;
			buildActionMask = 2147483647;
			files = (
				1B4193AE1BD621DD00E368F9 /* travellerTests.swift in Sources */,
			);
			runOnlyForDeploymentPostprocessing = 0;
		};
/* End PBXSourcesBuildPhase section */

/* Begin PBXTargetDependency section */
		1B4193A91BD621DD00E368F9 /* PBXTargetDependency */ = {
			isa = PBXTargetDependency;
			target = 1B4193911BD621DD00E368F9 /* traveller */;
			targetProxy = 1B4193A81BD621DD00E368F9 /* PBXContainerItemProxy */;
		};
/* End PBXTargetDependency section */

/* Begin PBXVariantGroup section */
		1B41939B1BD621DD00E368F9 /* Main.storyboard */ = {
			isa = PBXVariantGroup;
			children = (
				1B41939C1BD621DD00E368F9 /* Base */,
			);
			name = Main.storyboard;
			sourceTree = "<group>";
		};
		1B4193A01BD621DD00E368F9 /* LaunchScreen.xib */ = {
			isa = PBXVariantGroup;
			children = (
				1B4193A11BD621DD00E368F9 /* Base */,
			);
			name = LaunchScreen.xib;
			sourceTree = "<group>";
		};
/* End PBXVariantGroup section */

/* Begin XCBuildConfiguration section */
		1B4193AF1BD621DD00E368F9 /* Debug */ = {
			isa = XCBuildConfiguration;
			buildSettings = {
				ALWAYS_SEARCH_USER_PATHS = NO;
				CLANG_CXX_LANGUAGE_STANDARD = "gnu++0x";
				CLANG_CXX_LIBRARY = "libc++";
				CLANG_ENABLE_MODULES = YES;
				CLANG_ENABLE_OBJC_ARC = YES;
				CLANG_WARN_BOOL_CONVERSION = YES;
				CLANG_WARN_CONSTANT_CONVERSION = YES;
				CLANG_WARN_DIRECT_OBJC_ISA_USAGE = YES_ERROR;
				CLANG_WARN_EMPTY_BODY = YES;
				CLANG_WARN_ENUM_CONVERSION = YES;
				CLANG_WARN_INT_CONVERSION = YES;
				CLANG_WARN_OBJC_ROOT_CLASS = YES_ERROR;
				CLANG_WARN_UNREACHABLE_CODE = YES;
				CLANG_WARN__DUPLICATE_METHOD_MATCH = YES;
				"CODE_SIGN_IDENTITY[sdk=iphoneos*]" = "iPhone Developer";
				COPY_PHASE_STRIP = NO;
				DEBUG_INFORMATION_FORMAT = "dwarf-with-dsym";
				ENABLE_STRICT_OBJC_MSGSEND = YES;
				GCC_C_LANGUAGE_STANDARD = gnu99;
				GCC_DYNAMIC_NO_PIC = NO;
				GCC_NO_COMMON_BLOCKS = YES;
				GCC_OPTIMIZATION_LEVEL = 0;
				GCC_PREPROCESSOR_DEFINITIONS = (
					"DEBUG=1",
					"$(inherited)",
				);
				GCC_SYMBOLS_PRIVATE_EXTERN = NO;
				GCC_WARN_64_TO_32_BIT_CONVERSION = YES;
				GCC_WARN_ABOUT_RETURN_TYPE = YES_ERROR;
				GCC_WARN_UNDECLARED_SELECTOR = YES;
				GCC_WARN_UNINITIALIZED_AUTOS = YES_AGGRESSIVE;
				GCC_WARN_UNUSED_FUNCTION = YES;
				GCC_WARN_UNUSED_VARIABLE = YES;
				IPHONEOS_DEPLOYMENT_TARGET = 8.4;
				MTL_ENABLE_DEBUG_INFO = YES;
				ONLY_ACTIVE_ARCH = YES;
				SDKROOT = iphoneos;
				SWIFT_OPTIMIZATION_LEVEL = "-Onone";
				TARGETED_DEVICE_FAMILY = "1,2";
			};
			name = Debug;
		};
		1B4193B01BD621DD00E368F9 /* Release */ = {
			isa = XCBuildConfiguration;
			buildSettings = {
				ALWAYS_SEARCH_USER_PATHS = NO;
				CLANG_CXX_LANGUAGE_STANDARD = "gnu++0x";
				CLANG_CXX_LIBRARY = "libc++";
				CLANG_ENABLE_MODULES = YES;
				CLANG_ENABLE_OBJC_ARC = YES;
				CLANG_WARN_BOOL_CONVERSION = YES;
				CLANG_WARN_CONSTANT_CONVERSION = YES;
				CLANG_WARN_DIRECT_OBJC_ISA_USAGE = YES_ERROR;
				CLANG_WARN_EMPTY_BODY = YES;
				CLANG_WARN_ENUM_CONVERSION = YES;
				CLANG_WARN_INT_CONVERSION = YES;
				CLANG_WARN_OBJC_ROOT_CLASS = YES_ERROR;
				CLANG_WARN_UNREACHABLE_CODE = YES;
				CLANG_WARN__DUPLICATE_METHOD_MATCH = YES;
				"CODE_SIGN_IDENTITY[sdk=iphoneos*]" = "iPhone Developer";
				COPY_PHASE_STRIP = NO;
				DEBUG_INFORMATION_FORMAT = "dwarf-with-dsym";
				ENABLE_NS_ASSERTIONS = NO;
				ENABLE_STRICT_OBJC_MSGSEND = YES;
				GCC_C_LANGUAGE_STANDARD = gnu99;
				GCC_NO_COMMON_BLOCKS = YES;
				GCC_WARN_64_TO_32_BIT_CONVERSION = YES;
				GCC_WARN_ABOUT_RETURN_TYPE = YES_ERROR;
				GCC_WARN_UNDECLARED_SELECTOR = YES;
				GCC_WARN_UNINITIALIZED_AUTOS = YES_AGGRESSIVE;
				GCC_WARN_UNUSED_FUNCTION = YES;
				GCC_WARN_UNUSED_VARIABLE = YES;
				IPHONEOS_DEPLOYMENT_TARGET = 8.4;
				MTL_ENABLE_DEBUG_INFO = NO;
				SDKROOT = iphoneos;
				TARGETED_DEVICE_FAMILY = "1,2";
				VALIDATE_PRODUCT = YES;
			};
			name = Release;
		};
		1B4193B21BD621DD00E368F9 /* Debug */ = {
			isa = XCBuildConfiguration;
			buildSettings = {
				ASSETCATALOG_COMPILER_APPICON_NAME = AppIcon;
				INFOPLIST_FILE = traveller/Info.plist;
				LD_RUNPATH_SEARCH_PATHS = "$(inherited) @executable_path/Frameworks";
				PRODUCT_NAME = "$(TARGET_NAME)";
			};
			name = Debug;
		};
		1B4193B31BD621DD00E368F9 /* Release */ = {
			isa = XCBuildConfiguration;
			buildSettings = {
				ASSETCATALOG_COMPILER_APPICON_NAME = AppIcon;
				INFOPLIST_FILE = traveller/Info.plist;
				LD_RUNPATH_SEARCH_PATHS = "$(inherited) @executable_path/Frameworks";
				PRODUCT_NAME = "$(TARGET_NAME)";
			};
			name = Release;
		};
		1B4193B51BD621DD00E368F9 /* Debug */ = {
			isa = XCBuildConfiguration;
			buildSettings = {
				BUNDLE_LOADER = "$(TEST_HOST)";
				FRAMEWORK_SEARCH_PATHS = (
					"$(SDKROOT)/Developer/Library/Frameworks",
					"$(inherited)",
				);
				GCC_PREPROCESSOR_DEFINITIONS = (
					"DEBUG=1",
					"$(inherited)",
				);
				INFOPLIST_FILE = travellerTests/Info.plist;
				LD_RUNPATH_SEARCH_PATHS = "$(inherited) @executable_path/Frameworks @loader_path/Frameworks";
				PRODUCT_NAME = "$(TARGET_NAME)";
				TEST_HOST = "$(BUILT_PRODUCTS_DIR)/traveller.app/traveller";
			};
			name = Debug;
		};
		1B4193B61BD621DD00E368F9 /* Release */ = {
			isa = XCBuildConfiguration;
			buildSettings = {
				BUNDLE_LOADER = "$(TEST_HOST)";
				FRAMEWORK_SEARCH_PATHS = (
					"$(SDKROOT)/Developer/Library/Frameworks",
					"$(inherited)",
				);
				INFOPLIST_FILE = travellerTests/Info.plist;
				LD_RUNPATH_SEARCH_PATHS = "$(inherited) @executable_path/Frameworks @loader_path/Frameworks";
				PRODUCT_NAME = "$(TARGET_NAME)";
				TEST_HOST = "$(BUILT_PRODUCTS_DIR)/traveller.app/traveller";
			};
			name = Release;
		};
/* End XCBuildConfiguration section */

/* Begin XCConfigurationList section */
		1B41938D1BD621DD00E368F9 /* Build configuration list for PBXProject "traveller" */ = {
			isa = XCConfigurationList;
			buildConfigurations = (
				1B4193AF1BD621DD00E368F9 /* Debug */,
				1B4193B01BD621DD00E368F9 /* Release */,
			);
			defaultConfigurationIsVisible = 0;
			defaultConfigurationName = Release;
		};
		1B4193B11BD621DD00E368F9 /* Build configuration list for PBXNativeTarget "traveller" */ = {
			isa = XCConfigurationList;
			buildConfigurations = (
				1B4193B21BD621DD00E368F9 /* Debug */,
				1B4193B31BD621DD00E368F9 /* Release */,
			);
			defaultConfigurationIsVisible = 0;
			defaultConfigurationName = Release;
		};
		1B4193B41BD621DD00E368F9 /* Build configuration list for PBXNativeTarget "travellerTests" */ = {
			isa = XCConfigurationList;
			buildConfigurations = (
				1B4193B51BD621DD00E368F9 /* Debug */,
				1B4193B61BD621DD00E368F9 /* Release */,
			);
			defaultConfigurationIsVisible = 0;
			defaultConfigurationName = Release;
		};
/* End XCConfigurationList section */
	};
	rootObject = 1B41938A1BD621DC00E368F9 /* Project object */;
}
